{
  "version": 4,
  "terraform_version": "1.7.5",
  "serial": 11,
  "lineage": "521e935d-7345-9a00-ff81-d2da2b458379",
  "outputs": {},
  "resources": [
    {
      "mode": "managed",
      "type": "azurerm_resource_group",
      "name": "rgroup",
      "provider": "provider[\"registry.terraform.io/hashicorp/azurerm\"]",
      "instances": [
        {
          "index_key": "rgroup1",
          "schema_version": 0,
          "attributes": {
            "id": "/subscriptions/ff573e54-0648-4620-8dd1-803c3e7f2aa6/resourceGroups/rajcomics",
            "location": "centralindia",
            "managed_by": "",
            "name": "rajcomics",
            "tags": null,
            "timeouts": null
          },
          "sensitive_attributes": [],
          "private": "eyJlMmJmYjczMC1lY2FhLTExZTYtOGY4OC0zNDM2M2JjN2M0YzAiOnsiY3JlYXRlIjo1NDAwMDAwMDAwMDAwLCJkZWxldGUiOjU0MDAwMDAwMDAwMDAsInJlYWQiOjMwMDAwMDAwMDAwMCwidXBkYXRlIjo1NDAwMDAwMDAwMDAwfX0="
        }
      ]
    },
    {
      "mode": "managed",
      "type": "azurerm_virtual_network",
      "name": "vnet",
      "provider": "provider[\"registry.terraform.io/hashicorp/azurerm\"]",
      "instances": [
        {
          "index_key": "vnet1",
          "schema_version": 0,
          "attributes": {
            "address_space": [
              "192.168.0.0/16"
            ],
            "bgp_community": "",
            "ddos_protection_plan": [],
            "dns_servers": [],
            "edge_zone": "",
            "encryption": [],
            "flow_timeout_in_minutes": 0,
            "guid": "715e3663-967b-4c42-9550-e51a4e96cf80",
            "id": "/subscriptions/ff573e54-0648-4620-8dd1-803c3e7f2aa6/resourceGroups/rajcomics/providers/Microsoft.Network/virtualNetworks/dhruva",
            "location": "centralindia",
            "name": "dhruva",
            "resource_group_name": "rajcomics",
            "subnet": [
              {
                "address_prefix": "192.168.1.0/24",
                "id": "/subscriptions/ff573e54-0648-4620-8dd1-803c3e7f2aa6/resourceGroups/rajcomics/providers/Microsoft.Network/virtualNetworks/dhruva/subnets/bauna_waman",
                "name": "bauna_waman",
                "security_group": ""
              },
              {
                "address_prefix": "192.168.2.0/24",
                "id": "/subscriptions/ff573e54-0648-4620-8dd1-803c3e7f2aa6/resourceGroups/rajcomics/providers/Microsoft.Network/virtualNetworks/dhruva/subnets/natasha",
                "name": "natasha",
                "security_group": ""
              }
            ],
            "tags": null,
            "timeouts": null
          },
          "sensitive_attributes": [],
          "private": "eyJlMmJmYjczMC1lY2FhLTExZTYtOGY4OC0zNDM2M2JjN2M0YzAiOnsiY3JlYXRlIjoxODAwMDAwMDAwMDAwLCJkZWxldGUiOjE4MDAwMDAwMDAwMDAsInJlYWQiOjMwMDAwMDAwMDAwMCwidXBkYXRlIjoxODAwMDAwMDAwMDAwfX0=",
          "dependencies": [
            "azurerm_resource_group.rgroup"
          ]
        },
        {
          "index_key": "vnet2",
          "schema_version": 0,
          "attributes": {
            "address_space": [
              "10.0.0.0/16"
            ],
            "bgp_community": "",
            "ddos_protection_plan": [],
            "dns_servers": [],
            "edge_zone": "",
            "encryption": [],
            "flow_timeout_in_minutes": 0,
            "guid": "23444aa0-f641-402e-95a1-885eb68fb431",
            "id": "/subscriptions/ff573e54-0648-4620-8dd1-803c3e7f2aa6/resourceGroups/rajcomics/providers/Microsoft.Network/virtualNetworks/nagraj",
            "location": "centralindia",
            "name": "nagraj",
            "resource_group_name": "rajcomics",
            "subnet": [
              {
                "address_prefix": "10.0.1.0/24",
                "id": "/subscriptions/ff573e54-0648-4620-8dd1-803c3e7f2aa6/resourceGroups/rajcomics/providers/Microsoft.Network/virtualNetworks/nagraj/subnets/bharti",
                "name": "bharti",
                "security_group": ""
              },
              {
                "address_prefix": "10.0.2.0/24",
                "id": "/subscriptions/ff573e54-0648-4620-8dd1-803c3e7f2aa6/resourceGroups/rajcomics/providers/Microsoft.Network/virtualNetworks/nagraj/subnets/nagpasha",
                "name": "nagpasha",
                "security_group": ""
              }
            ],
            "tags": null,
            "timeouts": null
          },
          "sensitive_attributes": [],
          "private": "eyJlMmJmYjczMC1lY2FhLTExZTYtOGY4OC0zNDM2M2JjN2M0YzAiOnsiY3JlYXRlIjoxODAwMDAwMDAwMDAwLCJkZWxldGUiOjE4MDAwMDAwMDAwMDAsInJlYWQiOjMwMDAwMDAwMDAwMCwidXBkYXRlIjoxODAwMDAwMDAwMDAwfX0=",
          "dependencies": [
            "azurerm_resource_group.rgroup"
          ]
        }
      ]
    }
  ],
  "check_results": null
}
